<?xml version="1.0" encoding="utf-8"?>
<Project ToolsVersion="4.0" xmlns="http://schemas.microsoft.com/developer/msbuild/2003">
  <ItemGroup>
    <Filter Include="Source Files">
      <UniqueIdentifier>{4FC737F1-C7A5-4376-A066-2A32D752A2FF}</UniqueIdentifier>
      <Extensions>cpp;c;cc;cxx;c++;cppm;ixx;def;odl;idl;hpj;bat;asm;asmx</Extensions>
    </Filter>
    <Filter Include="Header Files">
      <UniqueIdentifier>{93995380-89BD-4b04-88EB-625FBE52EBFB}</UniqueIdentifier>
      <Extensions>h;hh;hpp;hxx;h++;hm;inl;inc;ipp;xsd</Extensions>
    </Filter>
    <Filter Include="Resource Files">
      <UniqueIdentifier>{67DA6AB6-F800-4c08-8B7A-83BB121AAD01}</UniqueIdentifier>
      <Extensions>rc;ico;cur;bmp;dlg;rc2;rct;bin;rgs;gif;jpg;jpeg;jpe;resx;tiff;tif;png;wav;mfcribbon-ms</Extensions>
    </Filter>
  </ItemGroup>
  <ItemGroup>
    <ClCompile Include="example\main.cpp">
      <Filter>Source Files</Filter>
    </ClCompile>
    <ClCompile Include="src\change.cpp">
      <Filter>Source Files</Filter>
    </ClCompile>
    <ClCompile Include="src\create.cpp">
      <Filter>Source Files</Filter>
    </ClCompile>
    <ClCompile Include="src\delete.cpp">
      <Filter>Source Files</Filter>
    </ClCompile>
    <ClCompile Include="src\kernelbase.cpp">
      <Filter>Source Files</Filter>
    </ClCompile>
    <ClCompile Include="example\message_box.cpp">
      <Filter>Source Files</Filter>
    </ClCompile>
    <ClCompile Include="example\terminate.cpp">
      <Filter>Source Files</Filter>
    </ClCompile>
  </ItemGroup>
  <ItemGroup>
    <ClInclude Include="include\hook.h">
      <Filter>Header Files</Filter>
    </ClInclude>
    <ClInclude Include="lib\include\Zycore\API\Memory.h">
      <Filter>Header Files</Filter>
    </ClInclude>
    <ClInclude Include="lib\include\Zycore\API\Process.h">
      <Filter>Header Files</Filter>
    </ClInclude>
    <ClInclude Include="lib\include\Zycore\API\Synchronization.h">
      <Filter>Header Files</Filter>
    </ClInclude>
    <ClInclude Include="lib\include\Zycore\API\Terminal.h">
      <Filter>Header Files</Filter>
    </ClInclude>
    <ClInclude Include="lib\include\Zycore\API\Thread.h">
      <Filter>Header Files</Filter>
    </ClInclude>
    <ClInclude Include="lib\include\Zycore\Internal\AtomicGNU.h">
      <Filter>Header Files</Filter>
    </ClInclude>
    <ClInclude Include="lib\include\Zycore\Internal\AtomicMSVC.h">
      <Filter>Header Files</Filter>
    </ClInclude>
    <ClInclude Include="lib\include\Zycore\Allocator.h">
      <Filter>Header Files</Filter>
    </ClInclude>
    <ClInclude Include="lib\include\Zycore\ArgParse.h">
      <Filter>Header Files</Filter>
    </ClInclude>
    <ClInclude Include="lib\include\Zycore\Atomic.h">
      <Filter>Header Files</Filter>
    </ClInclude>
    <ClInclude Include="lib\include\Zycore\Bitset.h">
      <Filter>Header Files</Filter>
    </ClInclude>
    <ClInclude Include="lib\include\Zycore\Comparison.h">
      <Filter>Header Files</Filter>
    </ClInclude>
    <ClInclude Include="lib\include\Zycore\Defines.h">
      <Filter>Header Files</Filter>
    </ClInclude>
    <ClInclude Include="lib\include\Zycore\Format.h">
      <Filter>Header Files</Filter>
    </ClInclude>
    <ClInclude Include="lib\include\Zycore\LibC.h">
      <Filter>Header Files</Filter>
    </ClInclude>
    <ClInclude Include="lib\include\Zycore\List.h">
      <Filter>Header Files</Filter>
    </ClInclude>
    <ClInclude Include="lib\include\Zycore\Object.h">
      <Filter>Header Files</Filter>
    </ClInclude>
    <ClInclude Include="lib\include\Zycore\Status.h">
      <Filter>Header Files</Filter>
    </ClInclude>
    <ClInclude Include="lib\include\Zycore\String.h">
      <Filter>Header Files</Filter>
    </ClInclude>
    <ClInclude Include="lib\include\Zycore\Types.h">
      <Filter>Header Files</Filter>
    </ClInclude>
    <ClInclude Include="lib\include\Zycore\Vector.h">
      <Filter>Header Files</Filter>
    </ClInclude>
    <ClInclude Include="lib\include\Zycore\Zycore.h">
      <Filter>Header Files</Filter>
    </ClInclude>
    <ClInclude Include="lib\include\Zydis\Generated\EnumInstructionCategory.h">
      <Filter>Header Files</Filter>
    </ClInclude>
    <ClInclude Include="lib\include\Zydis\Generated\EnumISAExt.h">
      <Filter>Header Files</Filter>
    </ClInclude>
    <ClInclude Include="lib\include\Zydis\Generated\EnumISASet.h">
      <Filter>Header Files</Filter>
    </ClInclude>
    <ClInclude Include="lib\include\Zydis\Generated\EnumMnemonic.h">
      <Filter>Header Files</Filter>
    </ClInclude>
    <ClInclude Include="lib\include\Zydis\Generated\EnumRegister.h">
      <Filter>Header Files</Filter>
    </ClInclude>
    <ClInclude Include="lib\include\Zydis\Internal\DecoderData.h">
      <Filter>Header Files</Filter>
    </ClInclude>
    <ClInclude Include="lib\include\Zydis\Internal\EncoderData.h">
      <Filter>Header Files</Filter>
    </ClInclude>
    <ClInclude Include="lib\include\Zydis\Internal\FormatterATT.h">
      <Filter>Header Files</Filter>
    </ClInclude>
    <ClInclude Include="lib\include\Zydis\Internal\FormatterBase.h">
      <Filter>Header Files</Filter>
    </ClInclude>
    <ClInclude Include="lib\include\Zydis\Internal\FormatterIntel.h">
      <Filter>Header Files</Filter>
    </ClInclude>
    <ClInclude Include="lib\include\Zydis\Internal\SharedData.h">
      <Filter>Header Files</Filter>
    </ClInclude>
    <ClInclude Include="lib\include\Zydis\Internal\String.h">
      <Filter>Header Files</Filter>
    </ClInclude>
    <ClInclude Include="lib\include\Zydis\Decoder.h">
      <Filter>Header Files</Filter>
    </ClInclude>
    <ClInclude Include="lib\include\Zydis\DecoderTypes.h">
      <Filter>Header Files</Filter>
    </ClInclude>
    <ClInclude Include="lib\include\Zydis\Defines.h">
      <Filter>Header Files</Filter>
    </ClInclude>
    <ClInclude Include="lib\include\Zydis\Disassembler.h">
      <Filter>Header Files</Filter>
    </ClInclude>
    <ClInclude Include="lib\include\Zydis\Encoder.h">
      <Filter>Header Files</Filter>
    </ClInclude>
    <ClInclude Include="lib\include\Zydis\Formatter.h">
      <Filter>Header Files</Filter>
    </ClInclude>
    <ClInclude Include="lib\include\Zydis\FormatterBuffer.h">
      <Filter>Header Files</Filter>
    </ClInclude>
    <ClInclude Include="lib\include\Zydis\MetaInfo.h">
      <Filter>Header Files</Filter>
    </ClInclude>
    <ClInclude Include="lib\include\Zydis\Mnemonic.h">
      <Filter>Header Files</Filter>
    </ClInclude>
    <ClInclude Include="lib\include\Zydis\Register.h">
      <Filter>Header Files</Filter>
    </ClInclude>
    <ClInclude Include="lib\include\Zydis\Segment.h">
      <Filter>Header Files</Filter>
    </ClInclude>
    <ClInclude Include="lib\include\Zydis\SharedTypes.h">
      <Filter>Header Files</Filter>
    </ClInclude>
    <ClInclude Include="lib\include\Zydis\ShortString.h">
      <Filter>Header Files</Filter>
    </ClInclude>
    <ClInclude Include="lib\include\Zydis\Status.h">
      <Filter>Header Files</Filter>
    </ClInclude>
    <ClInclude Include="lib\include\Zydis\Utils.h">
      <Filter>Header Files</Filter>
    </ClInclude>
    <ClInclude Include="lib\include\Zydis\Zydis.h">
      <Filter>Header Files</Filter>
    </ClInclude>
    <ClInclude Include="example\example.h">
      <Filter>Header Files</Filter>
    </ClInclude>
  </ItemGroup>
  <ItemGroup>
    <MASM Include="src\nt.asm">
      <Filter>Source Files</Filter>
    </MASM>
  </ItemGroup>
</Project>